PODS:
  - DKImagePickerController/Core (4.3.4):
    - DKImagePickerController/ImageDataManager
    - DKImagePickerController/Resource
  - DKImagePickerController/ImageDataManager (4.3.4)
  - DKImagePickerController/PhotoGallery (4.3.4):
    - DKImagePickerController/Core
    - DKPhotoGallery
  - DKImagePickerController/Resource (4.3.4)
  - DKPhotoGallery (0.0.17):
    - DKPhotoGallery/Core (= 0.0.17)
    - DKPhotoGallery/Model (= 0.0.17)
    - DKPhotoGallery/Preview (= 0.0.17)
    - DKPhotoGallery/Resource (= 0.0.17)
    - SDWebImage
    - SwiftyGif
  - DKPhotoGallery/Core (0.0.17):
    - DKPhotoGallery/Model
    - DKPhotoGallery/Preview
    - SDWebImage
    - SwiftyGif
  - DKPhotoGallery/Model (0.0.17):
    - SDWebImage
    - SwiftyGif
  - DKPhotoGallery/Preview (0.0.17):
    - DKPhotoGallery/Model
    - DKPhotoGallery/Resource
    - SDWebImage
    - SwiftyGif
  - DKPhotoGallery/Resource (0.0.17):
    - SDWebImage
    - SwiftyGif
  - file_picker (0.0.1):
    - DKImagePickerController/PhotoGallery
    - Flutter
  - Flutter (1.0.0)
  - flutter_keyboard_visibility (0.0.1):
    - Flutter
  - FMDB (2.7.5):
    - FMDB/standard (= 2.7.5)
  - FMDB/standard (2.7.5)
  - image_picker_ios (0.0.1):
    - Flutter
  - open_filex (0.0.2):
    - Flutter
  - path_provider_foundation (0.0.1):
    - Flutter
    - FlutterMacOS
  - SDWebImage (5.15.1):
    - SDWebImage/Core (= 5.15.1)
  - SDWebImage/Core (5.15.1)
  - sqflite (0.0.2):
    - Flutter
    - FMDB (>= 2.7.5)
  - Stripe (23.3.3):
    - StripeApplePay (= 23.3.3)
    - StripeCore (= 23.3.3)
    - StripePayments (= 23.3.3)
    - StripePaymentsUI (= 23.3.3)
    - StripeUICore (= 23.3.3)
  - stripe_ios (0.0.1):
    - Flutter
    - Stripe (~> 23.3.0)
    - StripeApplePay (~> 23.3.0)
    - StripeFinancialConnections (~> 23.3.0)
    - StripePayments (~> 23.3.0)
    - StripePaymentSheet (~> 23.3.0)
    - StripePaymentsUI (~> 23.3.0)
  - StripeApplePay (23.3.3):
    - StripeCore (= 23.3.3)
  - StripeCore (23.3.3)
  - StripeFinancialConnections (23.3.3):
    - StripeCore (= 23.3.3)
    - StripeUICore (= 23.3.3)
  - StripePayments (23.3.3):
    - StripeCore (= 23.3.3)
    - StripePayments/Stripe3DS2 (= 23.3.3)
  - StripePayments/Stripe3DS2 (23.3.3):
    - StripeCore (= 23.3.3)
  - StripePaymentSheet (23.3.3):
    - StripeApplePay (= 23.3.3)
    - StripeCore (= 23.3.3)
    - StripePayments (= 23.3.3)
    - StripePaymentsUI (= 23.3.3)
  - StripePaymentsUI (23.3.3):
    - StripeCore (= 23.3.3)
    - StripePayments (= 23.3.3)
    - StripeUICore (= 23.3.3)
  - StripeUICore (23.3.3):
    - StripeCore (= 23.3.3)
  - SwiftyGif (5.4.4)
  - webview_flutter_wkwebview (0.0.1):
    - Flutter

DEPENDENCIES:
  - file_picker (from `.symlinks/plugins/file_picker/ios`)
  - Flutter (from `Flutter`)
  - flutter_keyboard_visibility (from `.symlinks/plugins/flutter_keyboard_visibility/ios`)
  - image_picker_ios (from `.symlinks/plugins/image_picker_ios/ios`)
  - open_filex (from `.symlinks/plugins/open_filex/ios`)
  - path_provider_foundation (from `.symlinks/plugins/path_provider_foundation/ios`)
  - sqflite (from `.symlinks/plugins/sqflite/ios`)
  - stripe_ios (from `.symlinks/plugins/stripe_ios/ios`)
  - webview_flutter_wkwebview (from `.symlinks/plugins/webview_flutter_wkwebview/ios`)

SPEC REPOS:
  trunk:
    - DKImagePickerController
    - DKPhotoGallery
    - FMDB
    - SDWebImage
    - Stripe
    - StripeApplePay
    - StripeCore
    - StripeFinancialConnections
    - StripePayments
    - StripePaymentSheet
    - StripePaymentsUI
    - StripeUICore
    - SwiftyGif

EXTERNAL SOURCES:
  file_picker:
    :path: ".symlinks/plugins/file_picker/ios"
  Flutter:
    :path: Flutter
  flutter_keyboard_visibility:
    :path: ".symlinks/plugins/flutter_keyboard_visibility/ios"
  image_picker_ios:
    :path: ".symlinks/plugins/image_picker_ios/ios"
  open_filex:
    :path: ".symlinks/plugins/open_filex/ios"
  path_provider_foundation:
    :path: ".symlinks/plugins/path_provider_foundation/ios"
  sqflite:
    :path: ".symlinks/plugins/sqflite/ios"
  stripe_ios:
    :path: ".symlinks/plugins/stripe_ios/ios"
  webview_flutter_wkwebview:
    :path: ".symlinks/plugins/webview_flutter_wkwebview/ios"

SPEC CHECKSUMS:
  DKImagePickerController: b512c28220a2b8ac7419f21c491fc8534b7601ac
  DKPhotoGallery: fdfad5125a9fdda9cc57df834d49df790dbb4179
  file_picker: ce3938a0df3cc1ef404671531facef740d03f920
  Flutter: f04841e97a9d0b0a8025694d0796dd46242b2854
  flutter_keyboard_visibility: 0339d06371254c3eb25eeb90ba8d17dca8f9c069
  FMDB: 2ce00b547f966261cd18927a3ddb07cb6f3db82a
  image_picker_ios: b786a5dcf033a8336a657191401bfdf12017dabb
  open_filex: 6e26e659846ec990262224a12ef1c528bb4edbe4
  path_provider_foundation: 37748e03f12783f9de2cb2c4eadfaa25fe6d4852
  SDWebImage: a254f2c53b46e3fba7946b1f8b8b3eaf00413b92
  sqflite: 6d358c025f5b867b29ed92fc697fd34924e11904
  Stripe: e12dd4f24d372fbae7b3090967bd416537a05324
  stripe_ios: f93762c5b513f456e82ac57cf7cab2aacc6ec7f7
  StripeApplePay: b288df6ea5237bec30ff00b8e12b9465684813e6
  StripeCore: 05ca3061651987b6aeb52028a8de087ad015d555
  StripeFinancialConnections: eae5e14983f26bc23165f2b897f708e366239f46
  StripePayments: 63a4c0b41148c83c4197e8ff9f0295dd0829660b
  StripePaymentSheet: f5e74b3c1fdd9d6ecd0e1075c1ad48d3b574cd26
  StripePaymentsUI: f9c8a63faf4858f66e2302a717ebb7c928197f53
  StripeUICore: 784efbcb5ed1e3dc69e4179e1a8feb247d792d81
  SwiftyGif: 93a1cc87bf3a51916001cf8f3d63835fb64c819f
  webview_flutter_wkwebview: d08f59cde5e8402c345c0bdda35ac0031352dcae

PODFILE CHECKSUM: cc1f88378b4bfcf93a6ce00d2c587857c6008d3b

COCOAPODS: 1.11.3
